
Microsoft Visual Studio Solution File, Format Version 12.00
# Visual Studio 2012
Project("{FAE04EC0-301F-11D3-BF4B-00C04F79EFBC}") = "FetchXMLResultViewer", "FetchXMLResultViewer\FetchXMLResultViewer.csproj", "{90D30703-487E-4F73-9705-A39AD95FCFCC}"
EndProject
Global
	GlobalSection(SolutionConfigurationPlatforms) = preSolution
		Debug|Any CPU = Debug|Any CPU
		Release|Any CPU = Release|Any CPU
	EndGlobalSection
	GlobalSection(ProjectConfigurationPlatforms) = postSolution
		{90D30703-487E-4F73-9705-A39AD95FCFCC}.Debug|Any CPU.ActiveCfg = Debug|Any CPU
		{90D30703-487E-4F73-9705-A39AD95FCFCC}.Debug|Any CPU.Build.0 = Debug|Any CPU
		{90D30703-487E-4F73-9705-A39AD95FCFCC}.Release|Any CPU.ActiveCfg = Release|Any CPU
		{90D30703-487E-4F73-9705-A39AD95FCFCC}.Release|Any CPU.Build.0 = Release|Any CPU
	EndGlobalSection
	GlobalSection(SolutionProperties) = preSolution
		HideSolutionNode = FALSE
	EndGlobalSection
EndGlobal
